
Microsoft Visual Studio Solution File, Format Version 12.00
# Visual Studio Version 17
VisualStudioVersion = 17.4.33213.308
MinimumVisualStudioVersion = 10.0.40219.1
Project("{FAE04EC0-301F-11D3-BF4B-00C04F79EFBC}") = "MyTasks", "MyTasks\MyTasks.csproj", "{04ED8009-05FB-4F3F-A82B-8B3068F84950}"
EndProject
Global
	GlobalSection(SolutionConfigurationPlatforms) = preSolution
		Debug|Any CPU = Debug|Any CPU
		Release|Any CPU = Release|Any CPU
	EndGlobalSection
	GlobalSection(ProjectConfigurationPlatforms) = postSolution
		{04ED8009-05FB-4F3F-A82B-8B3068F84950}.Debug|Any CPU.ActiveCfg = Debug|Any CPU
		{04ED8009-05FB-4F3F-A82B-8B3068F84950}.Debug|Any CPU.Build.0 = Debug|Any CPU
		{04ED8009-05FB-4F3F-A82B-8B3068F84950}.Release|Any CPU.ActiveCfg = Release|Any CPU
		{04ED8009-05FB-4F3F-A82B-8B3068F84950}.Release|Any CPU.Build.0 = Release|Any CPU
	EndGlobalSection
	GlobalSection(SolutionProperties) = preSolution
		HideSolutionNode = FALSE
	EndGlobalSection
	GlobalSection(ExtensibilityGlobals) = postSolution
		SolutionGuid = {316BAE2B-7734-4318-BE44-FC6B6AA4DAFE}
	EndGlobalSection
EndGlobal
